
Microsoft Visual Studio Solution File, Format Version 12.00
# Visual Studio Version 17
VisualStudioVersion = 17.14.36414.22 d17.14
MinimumVisualStudioVersion = 10.0.40219.1
Project("{2150E333-8FDC-42A3-9474-1A3956D46DE8}") = "Task0", "Task0", "{02EA681E-C7D8-13C7-8484-4AC65E1B71E8}"
EndProject
Project("{FAE04EC0-301F-11D3-BF4B-00C04F79EFBC}") = "Tyuiu.MalkovaMS.Sprint2.Task0.V9", "Tyuiu.MalkovaMS.Sprint2.Task0.V9\Tyuiu.MalkovaMS.Sprint2.Task0.V9.csproj", "{718A11D8-FE53-42ED-BED3-155F8ECB8ED3}"
EndProject
Project("{FAE04EC0-301F-11D3-BF4B-00C04F79EFBC}") = "Tyuiu.MalkovaMS.Sprint2.Task0.V9.Lib", "Tyuiu.MalkovaMS.Sprint2.Task0.V9.Lib\Tyuiu.MalkovaMS.Sprint2.Task0.V9.Lib.csproj", "{07F2DC70-C003-402B-BACB-42E36696C337}"
EndProject
Project("{FAE04EC0-301F-11D3-BF4B-00C04F79EFBC}") = "Tyuiu.MalkovaMS.Sprint2.Task0.V9.Test", "Tyuiu.MalkovaMS.Sprint2.Task0.V9.Test\Tyuiu.MalkovaMS.Sprint2.Task0.V9.Test.csproj", "{F9C52DE6-F52B-4E1C-8E58-F4ECCB104DF4}"
EndProject
Project("{2150E333-8FDC-42A3-9474-1A3956D46DE8}") = "Task1", "Task1", "{659C6B50-7F82-4FC6-92AC-3796239775E0}"
EndProject
Project("{FAE04EC0-301F-11D3-BF4B-00C04F79EFBC}") = "Tyuiu.MalkovaMS.Sprint2.Task1.V28", "Tyuiu.MalkovaMS.Sprint2.Task1.V28\Tyuiu.MalkovaMS.Sprint2.Task1.V28.csproj", "{836DB6AB-515A-41B4-A3CA-153966DC8979}"
EndProject
Project("{FAE04EC0-301F-11D3-BF4B-00C04F79EFBC}") = "Tyuiu.MalkovaMS.Sprint2.Task1.V28.Lib", "Tyuiu.MalkovaMS.Sprint2.Task1.V28.Lib\Tyuiu.MalkovaMS.Sprint2.Task1.V28.Lib.csproj", "{F58BF4C3-05B8-448C-90A5-DA5C64C2F79F}"
EndProject
Project("{FAE04EC0-301F-11D3-BF4B-00C04F79EFBC}") = "Tyuiu.MalkovaMS.Sprint2.Task1.V28.Test", "Tyuiu.MalkovaMS.Sprint2.Task1.V28.Test\Tyuiu.MalkovaMS.Sprint2.Task1.V28.Test.csproj", "{68222063-08AC-4DDA-B23D-F85B125B179D}"
EndProject
Project("{2150E333-8FDC-42A3-9474-1A3956D46DE8}") = "Task2", "Task2", "{B12D26A0-CC01-4188-928D-E32BB7CE543B}"
EndProject
Project("{FAE04EC0-301F-11D3-BF4B-00C04F79EFBC}") = "Tyuiu.MalkovaMS.Sprint2.Task2.V28", "Tyuiu.MalkovaMS.Sprint2.Task2.V28\Tyuiu.MalkovaMS.Sprint2.Task2.V28.csproj", "{FAC33E60-E1B6-4563-B537-48244339FC41}"
EndProject
Project("{FAE04EC0-301F-11D3-BF4B-00C04F79EFBC}") = "Tyuiu.MalkovaMS.Sprint2.Task2.V28.Lib", "Tyuiu.MalkovaMS.Sprint2.Task2.V28.Lib\Tyuiu.MalkovaMS.Sprint2.Task2.V28.Lib.csproj", "{10CAB8B6-4366-46B1-9B8D-CDE231F5CFC0}"
EndProject
Project("{FAE04EC0-301F-11D3-BF4B-00C04F79EFBC}") = "Tyuiu.MalkovaMS.Sprint2.Task2.V28.Test", "Tyuiu.MalkovaMS.Sprint2.Task2.V28.Test\Tyuiu.MalkovaMS.Sprint2.Task2.V28.Test.csproj", "{6E022B74-4D97-468D-8C23-A19A1BD672D3}"
EndProject
Project("{2150E333-8FDC-42A3-9474-1A3956D46DE8}") = "Task3", "Task3", "{6D509708-0760-4DC0-A5A0-4F65A77558AB}"
EndProject
Project("{FAE04EC0-301F-11D3-BF4B-00C04F79EFBC}") = "Tyuiu.MalkovaMS.Sprint2.Task3.V30", "Tyuiu.MalkovaMS.Sprint2.Task3.V30\Tyuiu.MalkovaMS.Sprint2.Task3.V30.csproj", "{C8ED4876-FED0-41CE-9556-E8127836B313}"
EndProject
Project("{FAE04EC0-301F-11D3-BF4B-00C04F79EFBC}") = "Tyuiu.MalkovaMS.Sprint2.Task3.V30.Lib", "Tyuiu.MalkovaMS.Sprint2.Task3.V30.Lib\Tyuiu.MalkovaMS.Sprint2.Task3.V30.Lib.csproj", "{6CB3CD93-0F17-4E6C-BF93-508A8B3F54CF}"
EndProject
Project("{FAE04EC0-301F-11D3-BF4B-00C04F79EFBC}") = "Tyuiu.MalkovaMS.Sprint2.Task3.V30.Test", "Tyuiu.MalkovaMS.Sprint2.Task3.V30.Test\Tyuiu.MalkovaMS.Sprint2.Task3.V30.Test.csproj", "{1D2D8C67-E6C9-4CBC-B003-F2F1C8E405A2}"
EndProject
Global
	GlobalSection(SolutionConfigurationPlatforms) = preSolution
		Debug|Any CPU = Debug|Any CPU
		Release|Any CPU = Release|Any CPU
	EndGlobalSection
	GlobalSection(ProjectConfigurationPlatforms) = postSolution
		{718A11D8-FE53-42ED-BED3-155F8ECB8ED3}.Debug|Any CPU.ActiveCfg = Debug|Any CPU
		{718A11D8-FE53-42ED-BED3-155F8ECB8ED3}.Debug|Any CPU.Build.0 = Debug|Any CPU
		{718A11D8-FE53-42ED-BED3-155F8ECB8ED3}.Release|Any CPU.ActiveCfg = Release|Any CPU
		{718A11D8-FE53-42ED-BED3-155F8ECB8ED3}.Release|Any CPU.Build.0 = Release|Any CPU
		{07F2DC70-C003-402B-BACB-42E36696C337}.Debug|Any CPU.ActiveCfg = Debug|Any CPU
		{07F2DC70-C003-402B-BACB-42E36696C337}.Debug|Any CPU.Build.0 = Debug|Any CPU
		{07F2DC70-C003-402B-BACB-42E36696C337}.Release|Any CPU.ActiveCfg = Release|Any CPU
		{07F2DC70-C003-402B-BACB-42E36696C337}.Release|Any CPU.Build.0 = Release|Any CPU
		{F9C52DE6-F52B-4E1C-8E58-F4ECCB104DF4}.Debug|Any CPU.ActiveCfg = Debug|Any CPU
		{F9C52DE6-F52B-4E1C-8E58-F4ECCB104DF4}.Debug|Any CPU.Build.0 = Debug|Any CPU
		{F9C52DE6-F52B-4E1C-8E58-F4ECCB104DF4}.Release|Any CPU.ActiveCfg = Release|Any CPU
		{F9C52DE6-F52B-4E1C-8E58-F4ECCB104DF4}.Release|Any CPU.Build.0 = Release|Any CPU
		{836DB6AB-515A-41B4-A3CA-153966DC8979}.Debug|Any CPU.ActiveCfg = Debug|Any CPU
		{836DB6AB-515A-41B4-A3CA-153966DC8979}.Debug|Any CPU.Build.0 = Debug|Any CPU
		{836DB6AB-515A-41B4-A3CA-153966DC8979}.Release|Any CPU.ActiveCfg = Release|Any CPU
		{836DB6AB-515A-41B4-A3CA-153966DC8979}.Release|Any CPU.Build.0 = Release|Any CPU
		{F58BF4C3-05B8-448C-90A5-DA5C64C2F79F}.Debug|Any CPU.ActiveCfg = Debug|Any CPU
		{F58BF4C3-05B8-448C-90A5-DA5C64C2F79F}.Debug|Any CPU.Build.0 = Debug|Any CPU
		{F58BF4C3-05B8-448C-90A5-DA5C64C2F79F}.Release|Any CPU.ActiveCfg = Release|Any CPU
		{F58BF4C3-05B8-448C-90A5-DA5C64C2F79F}.Release|Any CPU.Build.0 = Release|Any CPU
		{68222063-08AC-4DDA-B23D-F85B125B179D}.Debug|Any CPU.ActiveCfg = Debug|Any CPU
		{68222063-08AC-4DDA-B23D-F85B125B179D}.Debug|Any CPU.Build.0 = Debug|Any CPU
		{68222063-08AC-4DDA-B23D-F85B125B179D}.Release|Any CPU.ActiveCfg = Release|Any CPU
		{68222063-08AC-4DDA-B23D-F85B125B179D}.Release|Any CPU.Build.0 = Release|Any CPU
		{FAC33E60-E1B6-4563-B537-48244339FC41}.Debug|Any CPU.ActiveCfg = Debug|Any CPU
		{FAC33E60-E1B6-4563-B537-48244339FC41}.Debug|Any CPU.Build.0 = Debug|Any CPU
		{FAC33E60-E1B6-4563-B537-48244339FC41}.Release|Any CPU.ActiveCfg = Release|Any CPU
		{FAC33E60-E1B6-4563-B537-48244339FC41}.Release|Any CPU.Build.0 = Release|Any CPU
		{10CAB8B6-4366-46B1-9B8D-CDE231F5CFC0}.Debug|Any CPU.ActiveCfg = Debug|Any CPU
		{10CAB8B6-4366-46B1-9B8D-CDE231F5CFC0}.Debug|Any CPU.Build.0 = Debug|Any CPU
		{10CAB8B6-4366-46B1-9B8D-CDE231F5CFC0}.Release|Any CPU.ActiveCfg = Release|Any CPU
		{10CAB8B6-4366-46B1-9B8D-CDE231F5CFC0}.Release|Any CPU.Build.0 = Release|Any CPU
		{6E022B74-4D97-468D-8C23-A19A1BD672D3}.Debug|Any CPU.ActiveCfg = Debug|Any CPU
		{6E022B74-4D97-468D-8C23-A19A1BD672D3}.Debug|Any CPU.Build.0 = Debug|Any CPU
		{6E022B74-4D97-468D-8C23-A19A1BD672D3}.Release|Any CPU.ActiveCfg = Release|Any CPU
		{6E022B74-4D97-468D-8C23-A19A1BD672D3}.Release|Any CPU.Build.0 = Release|Any CPU
		{C8ED4876-FED0-41CE-9556-E8127836B313}.Debug|Any CPU.ActiveCfg = Debug|Any CPU
		{C8ED4876-FED0-41CE-9556-E8127836B313}.Debug|Any CPU.Build.0 = Debug|Any CPU
		{C8ED4876-FED0-41CE-9556-E8127836B313}.Release|Any CPU.ActiveCfg = Release|Any CPU
		{C8ED4876-FED0-41CE-9556-E8127836B313}.Release|Any CPU.Build.0 = Release|Any CPU
		{6CB3CD93-0F17-4E6C-BF93-508A8B3F54CF}.Debug|Any CPU.ActiveCfg = Debug|Any CPU
		{6CB3CD93-0F17-4E6C-BF93-508A8B3F54CF}.Debug|Any CPU.Build.0 = Debug|Any CPU
		{6CB3CD93-0F17-4E6C-BF93-508A8B3F54CF}.Release|Any CPU.ActiveCfg = Release|Any CPU
		{6CB3CD93-0F17-4E6C-BF93-508A8B3F54CF}.Release|Any CPU.Build.0 = Release|Any CPU
		{1D2D8C67-E6C9-4CBC-B003-F2F1C8E405A2}.Debug|Any CPU.ActiveCfg = Debug|Any CPU
		{1D2D8C67-E6C9-4CBC-B003-F2F1C8E405A2}.Debug|Any CPU.Build.0 = Debug|Any CPU
		{1D2D8C67-E6C9-4CBC-B003-F2F1C8E405A2}.Release|Any CPU.ActiveCfg = Release|Any CPU
		{1D2D8C67-E6C9-4CBC-B003-F2F1C8E405A2}.Release|Any CPU.Build.0 = Release|Any CPU
	EndGlobalSection
	GlobalSection(SolutionProperties) = preSolution
		HideSolutionNode = FALSE
	EndGlobalSection
	GlobalSection(NestedProjects) = preSolution
		{718A11D8-FE53-42ED-BED3-155F8ECB8ED3} = {02EA681E-C7D8-13C7-8484-4AC65E1B71E8}
		{07F2DC70-C003-402B-BACB-42E36696C337} = {02EA681E-C7D8-13C7-8484-4AC65E1B71E8}
		{F9C52DE6-F52B-4E1C-8E58-F4ECCB104DF4} = {02EA681E-C7D8-13C7-8484-4AC65E1B71E8}
		{836DB6AB-515A-41B4-A3CA-153966DC8979} = {659C6B50-7F82-4FC6-92AC-3796239775E0}
		{F58BF4C3-05B8-448C-90A5-DA5C64C2F79F} = {659C6B50-7F82-4FC6-92AC-3796239775E0}
		{68222063-08AC-4DDA-B23D-F85B125B179D} = {659C6B50-7F82-4FC6-92AC-3796239775E0}
		{FAC33E60-E1B6-4563-B537-48244339FC41} = {B12D26A0-CC01-4188-928D-E32BB7CE543B}
		{10CAB8B6-4366-46B1-9B8D-CDE231F5CFC0} = {B12D26A0-CC01-4188-928D-E32BB7CE543B}
		{6E022B74-4D97-468D-8C23-A19A1BD672D3} = {B12D26A0-CC01-4188-928D-E32BB7CE543B}
		{C8ED4876-FED0-41CE-9556-E8127836B313} = {6D509708-0760-4DC0-A5A0-4F65A77558AB}
		{6CB3CD93-0F17-4E6C-BF93-508A8B3F54CF} = {6D509708-0760-4DC0-A5A0-4F65A77558AB}
		{1D2D8C67-E6C9-4CBC-B003-F2F1C8E405A2} = {6D509708-0760-4DC0-A5A0-4F65A77558AB}
	EndGlobalSection
	GlobalSection(ExtensibilityGlobals) = postSolution
		SolutionGuid = {851D57A2-2AB8-41C0-BDA6-512763DD6D32}
	EndGlobalSection
EndGlobal
